// !$*UTF8*$!
{
	archiveVersion = 1;
	classes = {
	};
	objectVersion = 46;
	objects = {

/* Begin PBXBuildFile section */
		CE335B6B1A3DABE700541C46 /* gonihongo.png in Resources */ = {isa = PBXBuildFile; fileRef = CE335B681A3DABE700541C46 /* gonihongo.png */; };
		CE335B6C1A3DABE700541C46 /* gray.png in Resources */ = {isa = PBXBuildFile; fileRef = CE335B691A3DABE700541C46 /* gray.png */; };
		CE335B6D1A3DABE700541C46 /* images-5.jpeg in Resources */ = {isa = PBXBuildFile; fileRef = CE335B6A1A3DABE700541C46 /* images-5.jpeg */; };
		CE335B9A1A3DE90000541C46 /* あの人誰？.m4a in Resources */ = {isa = PBXBuildFile; fileRef = CE335B6F1A3DE90000541C46 /* あの人誰？.m4a */; };
		CE335B9B1A3DE90000541C46 /* それいくら？.m4a in Resources */ = {isa = PBXBuildFile; fileRef = CE335B701A3DE90000541C46 /* それいくら？.m4a */; };
		CE335B9C1A3DE90000541C46 /* どうしたらいいの.m4a in Resources */ = {isa = PBXBuildFile; fileRef = CE335B711A3DE90000541C46 /* どうしたらいいの.m4a */; };
		CE335B9D1A3DE90000541C46 /* どこいくの？.m4a in Resources */ = {isa = PBXBuildFile; fileRef = CE335B721A3DE90000541C46 /* どこいくの？.m4a */; };
		CE335B9E1A3DE90000541C46 /* どこいんの？.m4a in Resources */ = {isa = PBXBuildFile; fileRef = CE335B731A3DE90000541C46 /* どこいんの？.m4a */; };
		CE335B9F1A3DE90000541C46 /* どこ出身ですか？.m4a in Resources */ = {isa = PBXBuildFile; fileRef = CE335B741A3DE90000541C46 /* どこ出身ですか？.m4a */; };
		CE335BA01A3DE90000541C46 /* なんで？.m4a in Resources */ = {isa = PBXBuildFile; fileRef = CE335B751A3DE90000541C46 /* なんで？.m4a */; };
		CE335BA11A3DE90000541C46 /* 今何時ですか？.m4a in Resources */ = {isa = PBXBuildFile; fileRef = CE335B761A3DE90000541C46 /* 今何時ですか？.m4a */; };
		CE335BA21A3DE90000541C46 /* 今日予定ある？.m4a in Resources */ = {isa = PBXBuildFile; fileRef = CE335B771A3DE90000541C46 /* 今日予定ある？.m4a */; };
		CE335BA31A3DE90000541C46 /* 今日何時に帰る？.m4a in Resources */ = {isa = PBXBuildFile; fileRef = CE335B781A3DE90000541C46 /* 今日何時に帰る？.m4a */; };
		CE335BA41A3DE90000541C46 /* 何してんの？.m4a in Resources */ = {isa = PBXBuildFile; fileRef = CE335B791A3DE90000541C46 /* 何してんの？.m4a */; };
		CE335BA51A3DE90000541C46 /* 調子どう？.m4a in Resources */ = {isa = PBXBuildFile; fileRef = CE335B7A1A3DE90000541C46 /* 調子どう？.m4a */; };
		CE335BA61A3DE90000541C46 /* あーね.m4a in Resources */ = {isa = PBXBuildFile; fileRef = CE335B7C1A3DE90000541C46 /* あーね.m4a */; };
		CE335BA71A3DE90000541C46 /* おめえリア充かよ.m4a in Resources */ = {isa = PBXBuildFile; fileRef = CE335B7D1A3DE90000541C46 /* おめえリア充かよ.m4a */; };
		CE335BA81A3DE90000541C46 /* それな.m4a in Resources */ = {isa = PBXBuildFile; fileRef = CE335B7E1A3DE90000541C46 /* それな.m4a */; };
		CE335BA91A3DE90000541C46 /* ただ愛とぬくもりが欲しい.m4a in Resources */ = {isa = PBXBuildFile; fileRef = CE335B7F1A3DE90000541C46 /* ただ愛とぬくもりが欲しい.m4a */; };
		CE335BAA1A3DE90000541C46 /* はだざみいな.m4a in Resources */ = {isa = PBXBuildFile; fileRef = CE335B801A3DE90000541C46 /* はだざみいな.m4a */; };
		CE335BAB1A3DE90000541C46 /* またかよ.m4a in Resources */ = {isa = PBXBuildFile; fileRef = CE335B811A3DE90000541C46 /* またかよ.m4a */; };
		CE335BAC1A3DE90000541C46 /* やっちまった.m4a in Resources */ = {isa = PBXBuildFile; fileRef = CE335B821A3DE90000541C46 /* やっちまった.m4a */; };
		CE335BAD1A3DE90000541C46 /* わろた.m4a in Resources */ = {isa = PBXBuildFile; fileRef = CE335B831A3DE90000541C46 /* わろた.m4a */; };
		CE335BAE1A3DE90000541C46 /* マジかよ.m4a in Resources */ = {isa = PBXBuildFile; fileRef = CE335B841A3DE90000541C46 /* マジかよ.m4a */; };
		CE335BAF1A3DE90000541C46 /* リア充ヤンキー版.m4a in Resources */ = {isa = PBXBuildFile; fileRef = CE335B851A3DE90000541C46 /* リア充ヤンキー版.m4a */; };
		CE335BB01A3DE90000541C46 /* 俺に任せろ.m4a in Resources */ = {isa = PBXBuildFile; fileRef = CE335B861A3DE90000541C46 /* 俺に任せろ.m4a */; };
		CE335BB11A3DE90000541C46 /* 問題ないよ.m4a in Resources */ = {isa = PBXBuildFile; fileRef = CE335B871A3DE90000541C46 /* 問題ないよ.m4a */; };
		CE335BB21A3DE90000541C46 /* 嘘だろ.m4a in Resources */ = {isa = PBXBuildFile; fileRef = CE335B881A3DE90000541C46 /* 嘘だろ.m4a */; };
		CE335BB31A3DE90000541C46 /* 天才かよ.m4a in Resources */ = {isa = PBXBuildFile; fileRef = CE335B891A3DE90000541C46 /* 天才かよ.m4a */; };
		CE335BB41A3DE90000541C46 /* 心配ご無用.m4a in Resources */ = {isa = PBXBuildFile; fileRef = CE335B8A1A3DE90000541C46 /* 心配ご無用.m4a */; };
		CE335BB51A3DE90000541C46 /* 最高.m4a in Resources */ = {isa = PBXBuildFile; fileRef = CE335B8B1A3DE90000541C46 /* 最高.m4a */; };
		CE335BB61A3DE90000541C46 /* 私に任せて.m4a in Resources */ = {isa = PBXBuildFile; fileRef = CE335B8C1A3DE90000541C46 /* 私に任せて.m4a */; };
		CE335BB71A3DE90000541C46 /* 自主休講します.m4a in Resources */ = {isa = PBXBuildFile; fileRef = CE335B8D1A3DE90000541C46 /* 自主休講します.m4a */; };
		CE335BB81A3DE90000541C46 /* 詰んだー.m4a in Resources */ = {isa = PBXBuildFile; fileRef = CE335B8E1A3DE90000541C46 /* 詰んだー.m4a */; };
		CE335BB91A3DE90000541C46 /* いただきます.m4a in Resources */ = {isa = PBXBuildFile; fileRef = CE335B901A3DE90000541C46 /* いただきます.m4a */; };
		CE335BBA1A3DE90000541C46 /* いってきます.m4a in Resources */ = {isa = PBXBuildFile; fileRef = CE335B911A3DE90000541C46 /* いってきます.m4a */; };
		CE335BBB1A3DE90000541C46 /* いってらっしゃい.m4a in Resources */ = {isa = PBXBuildFile; fileRef = CE335B921A3DE90000541C46 /* いってらっしゃい.m4a */; };
		CE335BBC1A3DE90000541C46 /* うっっっっま.m4a in Resources */ = {isa = PBXBuildFile; fileRef = CE335B931A3DE90000541C46 /* うっっっっま.m4a */; };
		CE335BBD1A3DE90000541C46 /* おかえり.m4a in Resources */ = {isa = PBXBuildFile; fileRef = CE335B941A3DE90000541C46 /* おかえり.m4a */; };
		CE335BBE1A3DE90000541C46 /* おつかれさま.m4a in Resources */ = {isa = PBXBuildFile; fileRef = CE335B951A3DE90000541C46 /* おつかれさま.m4a */; };
		CE335BBF1A3DE90000541C46 /* おはよ.m4a in Resources */ = {isa = PBXBuildFile; fileRef = CE335B961A3DE90000541C46 /* おはよ.m4a */; };
		CE335BC01A3DE90000541C46 /* ごちそうさま.m4a in Resources */ = {isa = PBXBuildFile; fileRef = CE335B971A3DE90000541C46 /* ごちそうさま.m4a */; };
		CE335BC11A3DE90000541C46 /* ただいま.m4a in Resources */ = {isa = PBXBuildFile; fileRef = CE335B981A3DE90000541C46 /* ただいま.m4a */; };
		CE335BC21A3DE90000541C46 /* 行ってきます.m4a in Resources */ = {isa = PBXBuildFile; fileRef = CE335B991A3DE90000541C46 /* 行ってきます.m4a */; };
		CE3419961A0CA1B700E7CDB9 /* main.m in Sources */ = {isa = PBXBuildFile; fileRef = CE3419951A0CA1B700E7CDB9 /* main.m */; };
		CE3419991A0CA1B700E7CDB9 /* AppDelegate.m in Sources */ = {isa = PBXBuildFile; fileRef = CE3419981A0CA1B700E7CDB9 /* AppDelegate.m */; };
		CE34199C1A0CA1B700E7CDB9 /* ViewController.m in Sources */ = {isa = PBXBuildFile; fileRef = CE34199B1A0CA1B700E7CDB9 /* ViewController.m */; };
		CE34199F1A0CA1B700E7CDB9 /* Main.storyboard in Resources */ = {isa = PBXBuildFile; fileRef = CE34199D1A0CA1B700E7CDB9 /* Main.storyboard */; };
		CE3419A11A0CA1B700E7CDB9 /* Images.xcassets in Resources */ = {isa = PBXBuildFile; fileRef = CE3419A01A0CA1B700E7CDB9 /* Images.xcassets */; };
		CE3419A41A0CA1B700E7CDB9 /* LaunchScreen.xib in Resources */ = {isa = PBXBuildFile; fileRef = CE3419A21A0CA1B700E7CDB9 /* LaunchScreen.xib */; };
		CE3419B01A0CA1B700E7CDB9 /* Application001Tests.m in Sources */ = {isa = PBXBuildFile; fileRef = CE3419AF1A0CA1B700E7CDB9 /* Application001Tests.m */; };
		CE3419BB1A0CB5A100E7CDB9 /* ExplanViewController.m in Sources */ = {isa = PBXBuildFile; fileRef = CE3419BA1A0CB5A100E7CDB9 /* ExplanViewController.m */; };
		CE3419BE1A0FAB1500E7CDB9 /* MenuViewController.m in Sources */ = {isa = PBXBuildFile; fileRef = CE3419BD1A0FAB1500E7CDB9 /* MenuViewController.m */; };
		CE6562E51A2C503B0093D6E3 /* AVFoundation.framework in Frameworks */ = {isa = PBXBuildFile; fileRef = CE6562E41A2C503B0093D6E3 /* AVFoundation.framework */; };
		CE93B7221A1333FF0040A82A /* FavoriteViewController.m in Sources */ = {isa = PBXBuildFile; fileRef = CE93B7211A1333FF0040A82A /* FavoriteViewController.m */; };
		CEAAC7D61A3FFC7F0064414A /* QuartzCore.framework in Frameworks */ = {isa = PBXBuildFile; fileRef = CEAAC7D51A3FFC7F0064414A /* QuartzCore.framework */; };
/* End PBXBuildFile section */

/* Begin PBXContainerItemProxy section */
		CE3419AA1A0CA1B700E7CDB9 /* PBXContainerItemProxy */ = {
			isa = PBXContainerItemProxy;
			containerPortal = CE3419881A0CA1B700E7CDB9 /* Project object */;
			proxyType = 1;
			remoteGlobalIDString = CE34198F1A0CA1B700E7CDB9;
			remoteInfo = Application001;
		};
/* End PBXContainerItemProxy section */

/* Begin PBXFileReference section */
		CE335B681A3DABE700541C46 /* gonihongo.png */ = {isa = PBXFileReference; lastKnownFileType = image.png; path = gonihongo.png; sourceTree = "<group>"; };
		CE335B691A3DABE700541C46 /* gray.png */ = {isa = PBXFileReference; lastKnownFileType = image.png; path = gray.png; sourceTree = "<group>"; };
		CE335B6A1A3DABE700541C46 /* images-5.jpeg */ = {isa = PBXFileReference; lastKnownFileType = image.jpeg; path = "images-5.jpeg"; sourceTree = "<group>"; };
		CE335B6F1A3DE90000541C46 /* あの人誰？.m4a */ = {isa = PBXFileReference; lastKnownFileType = file; path = "あの人誰？.m4a"; sourceTree = "<group>"; };
		CE335B701A3DE90000541C46 /* それいくら？.m4a */ = {isa = PBXFileReference; lastKnownFileType = file; path = "それいくら？.m4a"; sourceTree = "<group>"; };
		CE335B711A3DE90000541C46 /* どうしたらいいの.m4a */ = {isa = PBXFileReference; lastKnownFileType = file; path = "どうしたらいいの.m4a"; sourceTree = "<group>"; };
		CE335B721A3DE90000541C46 /* どこいくの？.m4a */ = {isa = PBXFileReference; lastKnownFileType = file; path = "どこいくの？.m4a"; sourceTree = "<group>"; };
		CE335B731A3DE90000541C46 /* どこいんの？.m4a */ = {isa = PBXFileReference; lastKnownFileType = file; path = "どこいんの？.m4a"; sourceTree = "<group>"; };
		CE335B741A3DE90000541C46 /* どこ出身ですか？.m4a */ = {isa = PBXFileReference; lastKnownFileType = file; path = "どこ出身ですか？.m4a"; sourceTree = "<group>"; };
		CE335B751A3DE90000541C46 /* なんで？.m4a */ = {isa = PBXFileReference; lastKnownFileType = file; path = "なんで？.m4a"; sourceTree = "<group>"; };
		CE335B761A3DE90000541C46 /* 今何時ですか？.m4a */ = {isa = PBXFileReference; lastKnownFileType = file; path = "今何時ですか？.m4a"; sourceTree = "<group>"; };
		CE335B771A3DE90000541C46 /* 今日予定ある？.m4a */ = {isa = PBXFileReference; lastKnownFileType = file; path = "今日予定ある？.m4a"; sourceTree = "<group>"; };
		CE335B781A3DE90000541C46 /* 今日何時に帰る？.m4a */ = {isa = PBXFileReference; lastKnownFileType = file; path = "今日何時に帰る？.m4a"; sourceTree = "<group>"; };
		CE335B791A3DE90000541C46 /* 何してんの？.m4a */ = {isa = PBXFileReference; lastKnownFileType = file; path = "何してんの？.m4a"; sourceTree = "<group>"; };
		CE335B7A1A3DE90000541C46 /* 調子どう？.m4a */ = {isa = PBXFileReference; lastKnownFileType = file; path = "調子どう？.m4a"; sourceTree = "<group>"; };
		CE335B7C1A3DE90000541C46 /* あーね.m4a */ = {isa = PBXFileReference; lastKnownFileType = file; path = "あーね.m4a"; sourceTree = "<group>"; };
		CE335B7D1A3DE90000541C46 /* おめえリア充かよ.m4a */ = {isa = PBXFileReference; lastKnownFileType = file; path = "おめえリア充かよ.m4a"; sourceTree = "<group>"; };
		CE335B7E1A3DE90000541C46 /* それな.m4a */ = {isa = PBXFileReference; lastKnownFileType = file; path = "それな.m4a"; sourceTree = "<group>"; };
		CE335B7F1A3DE90000541C46 /* ただ愛とぬくもりが欲しい.m4a */ = {isa = PBXFileReference; lastKnownFileType = file; path = "ただ愛とぬくもりが欲しい.m4a"; sourceTree = "<group>"; };
		CE335B801A3DE90000541C46 /* はだざみいな.m4a */ = {isa = PBXFileReference; lastKnownFileType = file; path = "はだざみいな.m4a"; sourceTree = "<group>"; };
		CE335B811A3DE90000541C46 /* またかよ.m4a */ = {isa = PBXFileReference; lastKnownFileType = file; path = "またかよ.m4a"; sourceTree = "<group>"; };
		CE335B821A3DE90000541C46 /* やっちまった.m4a */ = {isa = PBXFileReference; lastKnownFileType = file; path = "やっちまった.m4a"; sourceTree = "<group>"; };
		CE335B831A3DE90000541C46 /* わろた.m4a */ = {isa = PBXFileReference; lastKnownFileType = file; path = "わろた.m4a"; sourceTree = "<group>"; };
		CE335B841A3DE90000541C46 /* マジかよ.m4a */ = {isa = PBXFileReference; lastKnownFileType = file; path = "マジかよ.m4a"; sourceTree = "<group>"; };
		CE335B851A3DE90000541C46 /* リア充ヤンキー版.m4a */ = {isa = PBXFileReference; lastKnownFileType = file; path = "リア充ヤンキー版.m4a"; sourceTree = "<group>"; };
		CE335B861A3DE90000541C46 /* 俺に任せろ.m4a */ = {isa = PBXFileReference; lastKnownFileType = file; path = "俺に任せろ.m4a"; sourceTree = "<group>"; };
		CE335B871A3DE90000541C46 /* 問題ないよ.m4a */ = {isa = PBXFileReference; lastKnownFileType = file; path = "問題ないよ.m4a"; sourceTree = "<group>"; };
		CE335B881A3DE90000541C46 /* 嘘だろ.m4a */ = {isa = PBXFileReference; lastKnownFileType = file; path = "嘘だろ.m4a"; sourceTree = "<group>"; };
		CE335B891A3DE90000541C46 /* 天才かよ.m4a */ = {isa = PBXFileReference; lastKnownFileType = file; path = "天才かよ.m4a"; sourceTree = "<group>"; };
		CE335B8A1A3DE90000541C46 /* 心配ご無用.m4a */ = {isa = PBXFileReference; lastKnownFileType = file; path = "心配ご無用.m4a"; sourceTree = "<group>"; };
		CE335B8B1A3DE90000541C46 /* 最高.m4a */ = {isa = PBXFileReference; lastKnownFileType = file; path = "最高.m4a"; sourceTree = "<group>"; };
		CE335B8C1A3DE90000541C46 /* 私に任せて.m4a */ = {isa = PBXFileReference; lastKnownFileType = file; path = "私に任せて.m4a"; sourceTree = "<group>"; };
		CE335B8D1A3DE90000541C46 /* 自主休講します.m4a */ = {isa = PBXFileReference; lastKnownFileType = file; path = "自主休講します.m4a"; sourceTree = "<group>"; };
		CE335B8E1A3DE90000541C46 /* 詰んだー.m4a */ = {isa = PBXFileReference; lastKnownFileType = file; path = "詰んだー.m4a"; sourceTree = "<group>"; };
		CE335B901A3DE90000541C46 /* いただきます.m4a */ = {isa = PBXFileReference; lastKnownFileType = file; path = "いただきます.m4a"; sourceTree = "<group>"; };
		CE335B911A3DE90000541C46 /* いってきます.m4a */ = {isa = PBXFileReference; lastKnownFileType = file; path = "いってきます.m4a"; sourceTree = "<group>"; };
		CE335B921A3DE90000541C46 /* いってらっしゃい.m4a */ = {isa = PBXFileReference; lastKnownFileType = file; path = "いってらっしゃい.m4a"; sourceTree = "<group>"; };
		CE335B931A3DE90000541C46 /* うっっっっま.m4a */ = {isa = PBXFileReference; lastKnownFileType = file; path = "うっっっっま.m4a"; sourceTree = "<group>"; };
		CE335B941A3DE90000541C46 /* おかえり.m4a */ = {isa = PBXFileReference; lastKnownFileType = file; path = "おかえり.m4a"; sourceTree = "<group>"; };
		CE335B951A3DE90000541C46 /* おつかれさま.m4a */ = {isa = PBXFileReference; lastKnownFileType = file; path = "おつかれさま.m4a"; sourceTree = "<group>"; };
		CE335B961A3DE90000541C46 /* おはよ.m4a */ = {isa = PBXFileReference; lastKnownFileType = file; path = "おはよ.m4a"; sourceTree = "<group>"; };
		CE335B971A3DE90000541C46 /* ごちそうさま.m4a */ = {isa = PBXFileReference; lastKnownFileType = file; path = "ごちそうさま.m4a"; sourceTree = "<group>"; };
		CE335B981A3DE90000541C46 /* ただいま.m4a */ = {isa = PBXFileReference; lastKnownFileType = file; path = "ただいま.m4a"; sourceTree = "<group>"; };
		CE335B991A3DE90000541C46 /* 行ってきます.m4a */ = {isa = PBXFileReference; lastKnownFileType = file; path = "行ってきます.m4a"; sourceTree = "<group>"; };
		CE3419901A0CA1B700E7CDB9 /* Application001.app */ = {isa = PBXFileReference; explicitFileType = wrapper.application; includeInIndex = 0; path = Application001.app; sourceTree = BUILT_PRODUCTS_DIR; };
		CE3419941A0CA1B700E7CDB9 /* Info.plist */ = {isa = PBXFileReference; lastKnownFileType = text.plist.xml; path = Info.plist; sourceTree = "<group>"; };
		CE3419951A0CA1B700E7CDB9 /* main.m */ = {isa = PBXFileReference; lastKnownFileType = sourcecode.c.objc; path = main.m; sourceTree = "<group>"; };
		CE3419971A0CA1B700E7CDB9 /* AppDelegate.h */ = {isa = PBXFileReference; lastKnownFileType = sourcecode.c.h; path = AppDelegate.h; sourceTree = "<group>"; };
		CE3419981A0CA1B700E7CDB9 /* AppDelegate.m */ = {isa = PBXFileReference; lastKnownFileType = sourcecode.c.objc; path = AppDelegate.m; sourceTree = "<group>"; };
		CE34199A1A0CA1B700E7CDB9 /* ViewController.h */ = {isa = PBXFileReference; lastKnownFileType = sourcecode.c.h; path = ViewController.h; sourceTree = "<group>"; };
		CE34199B1A0CA1B700E7CDB9 /* ViewController.m */ = {isa = PBXFileReference; lastKnownFileType = sourcecode.c.objc; path = ViewController.m; sourceTree = "<group>"; };
		CE34199E1A0CA1B700E7CDB9 /* Base */ = {isa = PBXFileReference; lastKnownFileType = file.storyboard; name = Base; path = Base.lproj/Main.storyboard; sourceTree = "<group>"; };
		CE3419A01A0CA1B700E7CDB9 /* Images.xcassets */ = {isa = PBXFileReference; lastKnownFileType = folder.assetcatalog; path = Images.xcassets; sourceTree = "<group>"; };
		CE3419A31A0CA1B700E7CDB9 /* Base */ = {isa = PBXFileReference; lastKnownFileType = file.xib; name = Base; path = Base.lproj/LaunchScreen.xib; sourceTree = "<group>"; };
		CE3419A91A0CA1B700E7CDB9 /* Application001Tests.xctest */ = {isa = PBXFileReference; explicitFileType = wrapper.cfbundle; includeInIndex = 0; path = Application001Tests.xctest; sourceTree = BUILT_PRODUCTS_DIR; };
		CE3419AE1A0CA1B700E7CDB9 /* Info.plist */ = {isa = PBXFileReference; lastKnownFileType = text.plist.xml; path = Info.plist; sourceTree = "<group>"; };
		CE3419AF1A0CA1B700E7CDB9 /* Application001Tests.m */ = {isa = PBXFileReference; lastKnownFileType = sourcecode.c.objc; path = Application001Tests.m; sourceTree = "<group>"; };
		CE3419B91A0CB5A100E7CDB9 /* ExplanViewController.h */ = {isa = PBXFileReference; fileEncoding = 4; lastKnownFileType = sourcecode.c.h; path = ExplanViewController.h; sourceTree = "<group>"; };
		CE3419BA1A0CB5A100E7CDB9 /* ExplanViewController.m */ = {isa = PBXFileReference; fileEncoding = 4; lastKnownFileType = sourcecode.c.objc; path = ExplanViewController.m; sourceTree = "<group>"; };
		CE3419BC1A0FAB1500E7CDB9 /* MenuViewController.h */ = {isa = PBXFileReference; fileEncoding = 4; lastKnownFileType = sourcecode.c.h; name = MenuViewController.h; path = ../MenuViewController.h; sourceTree = "<group>"; };
		CE3419BD1A0FAB1500E7CDB9 /* MenuViewController.m */ = {isa = PBXFileReference; fileEncoding = 4; lastKnownFileType = sourcecode.c.objc; name = MenuViewController.m; path = ../MenuViewController.m; sourceTree = "<group>"; };
		CE6562E41A2C503B0093D6E3 /* AVFoundation.framework */ = {isa = PBXFileReference; lastKnownFileType = wrapper.framework; name = AVFoundation.framework; path = System/Library/Frameworks/AVFoundation.framework; sourceTree = SDKROOT; };
		CE93B7201A1333FF0040A82A /* FavoriteViewController.h */ = {isa = PBXFileReference; fileEncoding = 4; lastKnownFileType = sourcecode.c.h; path = FavoriteViewController.h; sourceTree = "<group>"; };
		CE93B7211A1333FF0040A82A /* FavoriteViewController.m */ = {isa = PBXFileReference; fileEncoding = 4; lastKnownFileType = sourcecode.c.objc; path = FavoriteViewController.m; sourceTree = "<group>"; };
		CEAAC7D51A3FFC7F0064414A /* QuartzCore.framework */ = {isa = PBXFileReference; lastKnownFileType = wrapper.framework; name = QuartzCore.framework; path = System/Library/Frameworks/QuartzCore.framework; sourceTree = SDKROOT; };
/* End PBXFileReference section */

/* Begin PBXFrameworksBuildPhase section */
		CE34198D1A0CA1B700E7CDB9 /* Frameworks */ = {
			isa = PBXFrameworksBuildPhase;
			buildActionMask = 2147483647;
			files = (
				CEAAC7D61A3FFC7F0064414A /* QuartzCore.framework in Frameworks */,
				CE6562E51A2C503B0093D6E3 /* AVFoundation.framework in Frameworks */,
			);
			runOnlyForDeploymentPostprocessing = 0;
		};
		CE3419A61A0CA1B700E7CDB9 /* Frameworks */ = {
			isa = PBXFrameworksBuildPhase;
			buildActionMask = 2147483647;
			files = (
			);
			runOnlyForDeploymentPostprocessing = 0;
		};
/* End PBXFrameworksBuildPhase section */

/* Begin PBXGroup section */
		CE335B671A3DABE700541C46 /* images */ = {
			isa = PBXGroup;
			children = (
				CE335B681A3DABE700541C46 /* gonihongo.png */,
				CE335B691A3DABE700541C46 /* gray.png */,
				CE335B6A1A3DABE700541C46 /* images-5.jpeg */,
			);
			path = images;
			sourceTree = "<group>";
		};
		CE335B6E1A3DE90000541C46 /* sounds */ = {
			isa = PBXGroup;
			children = (
				CE335B6F1A3DE90000541C46 /* あの人誰？.m4a */,
				CE335B701A3DE90000541C46 /* それいくら？.m4a */,
				CE335B711A3DE90000541C46 /* どうしたらいいの.m4a */,
				CE335B721A3DE90000541C46 /* どこいくの？.m4a */,
				CE335B731A3DE90000541C46 /* どこいんの？.m4a */,
				CE335B741A3DE90000541C46 /* どこ出身ですか？.m4a */,
				CE335B751A3DE90000541C46 /* なんで？.m4a */,
				CE335B761A3DE90000541C46 /* 今何時ですか？.m4a */,
				CE335B771A3DE90000541C46 /* 今日予定ある？.m4a */,
				CE335B781A3DE90000541C46 /* 今日何時に帰る？.m4a */,
				CE335B791A3DE90000541C46 /* 何してんの？.m4a */,
				CE335B7A1A3DE90000541C46 /* 調子どう？.m4a */,
			);
			path = sounds;
			sourceTree = "<group>";
		};
		CE335B7B1A3DE90000541C46 /* sounds funny */ = {
			isa = PBXGroup;
			children = (
				CE335B7C1A3DE90000541C46 /* あーね.m4a */,
				CE335B7D1A3DE90000541C46 /* おめえリア充かよ.m4a */,
				CE335B7E1A3DE90000541C46 /* それな.m4a */,
				CE335B7F1A3DE90000541C46 /* ただ愛とぬくもりが欲しい.m4a */,
				CE335B801A3DE90000541C46 /* はだざみいな.m4a */,
				CE335B811A3DE90000541C46 /* またかよ.m4a */,
				CE335B821A3DE90000541C46 /* やっちまった.m4a */,
				CE335B831A3DE90000541C46 /* わろた.m4a */,
				CE335B841A3DE90000541C46 /* マジかよ.m4a */,
				CE335B851A3DE90000541C46 /* リア充ヤンキー版.m4a */,
				CE335B861A3DE90000541C46 /* 俺に任せろ.m4a */,
				CE335B871A3DE90000541C46 /* 問題ないよ.m4a */,
				CE335B881A3DE90000541C46 /* 嘘だろ.m4a */,
				CE335B891A3DE90000541C46 /* 天才かよ.m4a */,
				CE335B8A1A3DE90000541C46 /* 心配ご無用.m4a */,
				CE335B8B1A3DE90000541C46 /* 最高.m4a */,
				CE335B8C1A3DE90000541C46 /* 私に任せて.m4a */,
				CE335B8D1A3DE90000541C46 /* 自主休講します.m4a */,
				CE335B8E1A3DE90000541C46 /* 詰んだー.m4a */,
			);
			path = "sounds funny";
			sourceTree = "<group>";
		};
		CE335B8F1A3DE90000541C46 /* soundsgreeting */ = {
			isa = PBXGroup;
			children = (
				CE335B901A3DE90000541C46 /* いただきます.m4a */,
				CE335B911A3DE90000541C46 /* いってきます.m4a */,
				CE335B921A3DE90000541C46 /* いってらっしゃい.m4a */,
				CE335B931A3DE90000541C46 /* うっっっっま.m4a */,
				CE335B941A3DE90000541C46 /* おかえり.m4a */,
				CE335B951A3DE90000541C46 /* おつかれさま.m4a */,
				CE335B961A3DE90000541C46 /* おはよ.m4a */,
				CE335B971A3DE90000541C46 /* ごちそうさま.m4a */,
				CE335B981A3DE90000541C46 /* ただいま.m4a */,
				CE335B991A3DE90000541C46 /* 行ってきます.m4a */,
			);
			path = soundsgreeting;
			sourceTree = "<group>";
		};
		CE3419871A0CA1B700E7CDB9 = {
			isa = PBXGroup;
			children = (
				CEAAC7D51A3FFC7F0064414A /* QuartzCore.framework */,
				CE6562E41A2C503B0093D6E3 /* AVFoundation.framework */,
				CE3419921A0CA1B700E7CDB9 /* Application001 */,
				CE3419AC1A0CA1B700E7CDB9 /* Application001Tests */,
				CE3419911A0CA1B700E7CDB9 /* Products */,
			);
			sourceTree = "<group>";
		};
		CE3419911A0CA1B700E7CDB9 /* Products */ = {
			isa = PBXGroup;
			children = (
				CE3419901A0CA1B700E7CDB9 /* Application001.app */,
				CE3419A91A0CA1B700E7CDB9 /* Application001Tests.xctest */,
			);
			name = Products;
			sourceTree = "<group>";
		};
		CE3419921A0CA1B700E7CDB9 /* Application001 */ = {
			isa = PBXGroup;
			children = (
				CE3419971A0CA1B700E7CDB9 /* AppDelegate.h */,
				CE3419981A0CA1B700E7CDB9 /* AppDelegate.m */,
				CE3419B91A0CB5A100E7CDB9 /* ExplanViewController.h */,
				CE3419BA1A0CB5A100E7CDB9 /* ExplanViewController.m */,
				CE34199A1A0CA1B700E7CDB9 /* ViewController.h */,
				CE34199B1A0CA1B700E7CDB9 /* ViewController.m */,
				CE93B7201A1333FF0040A82A /* FavoriteViewController.h */,
				CE93B7211A1333FF0040A82A /* FavoriteViewController.m */,
				CE3419BC1A0FAB1500E7CDB9 /* MenuViewController.h */,
				CE3419BD1A0FAB1500E7CDB9 /* MenuViewController.m */,
				CE34199D1A0CA1B700E7CDB9 /* Main.storyboard */,
				CE3419A01A0CA1B700E7CDB9 /* Images.xcassets */,
				CE3419A21A0CA1B700E7CDB9 /* LaunchScreen.xib */,
				CE3419931A0CA1B700E7CDB9 /* Supporting Files */,
			);
			path = Application001;
			sourceTree = "<group>";
		};
		CE3419931A0CA1B700E7CDB9 /* Supporting Files */ = {
			isa = PBXGroup;
			children = (
				CE335B6E1A3DE90000541C46 /* sounds */,
				CE335B7B1A3DE90000541C46 /* sounds funny */,
				CE335B8F1A3DE90000541C46 /* soundsgreeting */,
				CE335B671A3DABE700541C46 /* images */,
				CE3419941A0CA1B700E7CDB9 /* Info.plist */,
				CE3419951A0CA1B700E7CDB9 /* main.m */,
			);
			name = "Supporting Files";
			sourceTree = "<group>";
		};
		CE3419AC1A0CA1B700E7CDB9 /* Application001Tests */ = {
			isa = PBXGroup;
			children = (
				CE3419AF1A0CA1B700E7CDB9 /* Application001Tests.m */,
				CE3419AD1A0CA1B700E7CDB9 /* Supporting Files */,
			);
			path = Application001Tests;
			sourceTree = "<group>";
		};
		CE3419AD1A0CA1B700E7CDB9 /* Supporting Files */ = {
			isa = PBXGroup;
			children = (
				CE3419AE1A0CA1B700E7CDB9 /* Info.plist */,
			);
			name = "Supporting Files";
			sourceTree = "<group>";
		};
/* End PBXGroup section */

/* Begin PBXNativeTarget section */
		CE34198F1A0CA1B700E7CDB9 /* Application001 */ = {
			isa = PBXNativeTarget;
			buildConfigurationList = CE3419B31A0CA1B700E7CDB9 /* Build configuration list for PBXNativeTarget "Application001" */;
			buildPhases = (
				CE34198C1A0CA1B700E7CDB9 /* Sources */,
				CE34198D1A0CA1B700E7CDB9 /* Frameworks */,
				CE34198E1A0CA1B700E7CDB9 /* Resources */,
			);
			buildRules = (
			);
			dependencies = (
			);
			name = Application001;
			productName = Application001;
			productReference = CE3419901A0CA1B700E7CDB9 /* Application001.app */;
			productType = "com.apple.product-type.application";
		};
		CE3419A81A0CA1B700E7CDB9 /* Application001Tests */ = {
			isa = PBXNativeTarget;
			buildConfigurationList = CE3419B61A0CA1B700E7CDB9 /* Build configuration list for PBXNativeTarget "Application001Tests" */;
			buildPhases = (
				CE3419A51A0CA1B700E7CDB9 /* Sources */,
				CE3419A61A0CA1B700E7CDB9 /* Frameworks */,
				CE3419A71A0CA1B700E7CDB9 /* Resources */,
			);
			buildRules = (
			);
			dependencies = (
				CE3419AB1A0CA1B700E7CDB9 /* PBXTargetDependency */,
			);
			name = Application001Tests;
			productName = Application001Tests;
			productReference = CE3419A91A0CA1B700E7CDB9 /* Application001Tests.xctest */;
			productType = "com.apple.product-type.bundle.unit-test";
		};
/* End PBXNativeTarget section */

/* Begin PBXProject section */
		CE3419881A0CA1B700E7CDB9 /* Project object */ = {
			isa = PBXProject;
			attributes = {
				LastUpgradeCheck = 0600;
				ORGANIZATIONNAME = user;
				TargetAttributes = {
					CE34198F1A0CA1B700E7CDB9 = {
						CreatedOnToolsVersion = 6.0.1;
					};
					CE3419A81A0CA1B700E7CDB9 = {
						CreatedOnToolsVersion = 6.0.1;
						TestTargetID = CE34198F1A0CA1B700E7CDB9;
					};
				};
			};
			buildConfigurationList = CE34198B1A0CA1B700E7CDB9 /* Build configuration list for PBXProject "Application001" */;
			compatibilityVersion = "Xcode 3.2";
			developmentRegion = English;
			hasScannedForEncodings = 0;
			knownRegions = (
				en,
				Base,
			);
			mainGroup = CE3419871A0CA1B700E7CDB9;
			productRefGroup = CE3419911A0CA1B700E7CDB9 /* Products */;
			projectDirPath = "";
			projectRoot = "";
			targets = (
				CE34198F1A0CA1B700E7CDB9 /* Application001 */,
				CE3419A81A0CA1B700E7CDB9 /* Application001Tests */,
			);
		};
/* End PBXProject section */

/* Begin PBXResourcesBuildPhase section */
		CE34198E1A0CA1B700E7CDB9 /* Resources */ = {
			isa = PBXResourcesBuildPhase;
			buildActionMask = 2147483647;
			files = (
				CE335BC11A3DE90000541C46 /* ただいま.m4a in Resources */,
				CE335BB91A3DE90000541C46 /* いただきます.m4a in Resources */,
				CE335BA91A3DE90000541C46 /* ただ愛とぬくもりが欲しい.m4a in Resources */,
				CE335BB31A3DE90000541C46 /* 天才かよ.m4a in Resources */,
				CE34199F1A0CA1B700E7CDB9 /* Main.storyboard in Resources */,
				CE335BAA1A3DE90000541C46 /* はだざみいな.m4a in Resources */,
				CE335BBD1A3DE90000541C46 /* おかえり.m4a in Resources */,
				CE335BAE1A3DE90000541C46 /* マジかよ.m4a in Resources */,
				CE335BA21A3DE90000541C46 /* 今日予定ある？.m4a in Resources */,
				CE335BAF1A3DE90000541C46 /* リア充ヤンキー版.m4a in Resources */,
				CE335BBE1A3DE90000541C46 /* おつかれさま.m4a in Resources */,
				CE335BAD1A3DE90000541C46 /* わろた.m4a in Resources */,
				CE335BA61A3DE90000541C46 /* あーね.m4a in Resources */,
				CE335B9A1A3DE90000541C46 /* あの人誰？.m4a in Resources */,
				CE335BBB1A3DE90000541C46 /* いってらっしゃい.m4a in Resources */,
				CE335BA51A3DE90000541C46 /* 調子どう？.m4a in Resources */,
				CE335BC21A3DE90000541C46 /* 行ってきます.m4a in Resources */,
				CE335BB61A3DE90000541C46 /* 私に任せて.m4a in Resources */,
				CE335BB11A3DE90000541C46 /* 問題ないよ.m4a in Resources */,
				CE335B6D1A3DABE700541C46 /* images-5.jpeg in Resources */,
				CE335BAB1A3DE90000541C46 /* またかよ.m4a in Resources */,
				CE335BA81A3DE90000541C46 /* それな.m4a in Resources */,
				CE335B9D1A3DE90000541C46 /* どこいくの？.m4a in Resources */,
				CE335BA41A3DE90000541C46 /* 何してんの？.m4a in Resources */,
				CE335BB41A3DE90000541C46 /* 心配ご無用.m4a in Resources */,
				CE335B9E1A3DE90000541C46 /* どこいんの？.m4a in Resources */,
				CE335B9F1A3DE90000541C46 /* どこ出身ですか？.m4a in Resources */,
				CE335BB51A3DE90000541C46 /* 最高.m4a in Resources */,
				CE335BB21A3DE90000541C46 /* 嘘だろ.m4a in Resources */,
				CE335BA31A3DE90000541C46 /* 今日何時に帰る？.m4a in Resources */,
				CE335BC01A3DE90000541C46 /* ごちそうさま.m4a in Resources */,
				CE3419A41A0CA1B700E7CDB9 /* LaunchScreen.xib in Resources */,
				CE335B6C1A3DABE700541C46 /* gray.png in Resources */,
				CE335BA01A3DE90000541C46 /* なんで？.m4a in Resources */,
				CE335BB01A3DE90000541C46 /* 俺に任せろ.m4a in Resources */,
				CE335BA11A3DE90000541C46 /* 今何時ですか？.m4a in Resources */,
				CE335BB81A3DE90000541C46 /* 詰んだー.m4a in Resources */,
				CE3419A11A0CA1B700E7CDB9 /* Images.xcassets in Resources */,
				CE335BBC1A3DE90000541C46 /* うっっっっま.m4a in Resources */,
				CE335BBF1A3DE90000541C46 /* おはよ.m4a in Resources */,
				CE335BB71A3DE90000541C46 /* 自主休講します.m4a in Resources */,
				CE335B9B1A3DE90000541C46 /* それいくら？.m4a in Resources */,
				CE335BBA1A3DE90000541C46 /* いってきます.m4a in Resources */,
				CE335B9C1A3DE90000541C46 /* どうしたらいいの.m4a in Resources */,
				CE335BAC1A3DE90000541C46 /* やっちまった.m4a in Resources */,
				CE335B6B1A3DABE700541C46 /* gonihongo.png in Resources */,
				CE335BA71A3DE90000541C46 /* おめえリア充かよ.m4a in Resources */,
			);
			runOnlyForDeploymentPostprocessing = 0;
		};
		CE3419A71A0CA1B700E7CDB9 /* Resources */ = {
			isa = PBXResourcesBuildPhase;
			buildActionMask = 2147483647;
			files = (
			);
			runOnlyForDeploymentPostprocessing = 0;
		};
/* End PBXResourcesBuildPhase section */

/* Begin PBXSourcesBuildPhase section */
		CE34198C1A0CA1B700E7CDB9 /* Sources */ = {
			isa = PBXSourcesBuildPhase;
			buildActionMask = 2147483647;
			files = (
				CE93B7221A1333FF0040A82A /* FavoriteViewController.m in Sources */,
				CE3419BB1A0CB5A100E7CDB9 /* ExplanViewController.m in Sources */,
				CE34199C1A0CA1B700E7CDB9 /* ViewController.m in Sources */,
				CE3419991A0CA1B700E7CDB9 /* AppDelegate.m in Sources */,
				CE3419961A0CA1B700E7CDB9 /* main.m in Sources */,
				CE3419BE1A0FAB1500E7CDB9 /* MenuViewController.m in Sources */,
			);
			runOnlyForDeploymentPostprocessing = 0;
		};
		CE3419A51A0CA1B700E7CDB9 /* Sources */ = {
			isa = PBXSourcesBuildPhase;
			buildActionMask = 2147483647;
			files = (
				CE3419B01A0CA1B700E7CDB9 /* Application001Tests.m in Sources */,
			);
			runOnlyForDeploymentPostprocessing = 0;
		};
/* End PBXSourcesBuildPhase section */

/* Begin PBXTargetDependency section */
		CE3419AB1A0CA1B700E7CDB9 /* PBXTargetDependency */ = {
			isa = PBXTargetDependency;
			target = CE34198F1A0CA1B700E7CDB9 /* Application001 */;
			targetProxy = CE3419AA1A0CA1B700E7CDB9 /* PBXContainerItemProxy */;
		};
/* End PBXTargetDependency section */

/* Begin PBXVariantGroup section */
		CE34199D1A0CA1B700E7CDB9 /* Main.storyboard */ = {
			isa = PBXVariantGroup;
			children = (
				CE34199E1A0CA1B700E7CDB9 /* Base */,
			);
			name = Main.storyboard;
			sourceTree = "<group>";
		};
		CE3419A21A0CA1B700E7CDB9 /* LaunchScreen.xib */ = {
			isa = PBXVariantGroup;
			children = (
				CE3419A31A0CA1B700E7CDB9 /* Base */,
			);
			name = LaunchScreen.xib;
			sourceTree = "<group>";
		};
/* End PBXVariantGroup section */

/* Begin XCBuildConfiguration section */
		CE3419B11A0CA1B700E7CDB9 /* Debug */ = {
			isa = XCBuildConfiguration;
			buildSettings = {
				ALWAYS_SEARCH_USER_PATHS = NO;
				CLANG_CXX_LANGUAGE_STANDARD = "gnu++0x";
				CLANG_CXX_LIBRARY = "libc++";
				CLANG_ENABLE_MODULES = YES;
				CLANG_ENABLE_OBJC_ARC = YES;
				CLANG_WARN_BOOL_CONVERSION = YES;
				CLANG_WARN_CONSTANT_CONVERSION = YES;
				CLANG_WARN_DIRECT_OBJC_ISA_USAGE = YES_ERROR;
				CLANG_WARN_EMPTY_BODY = YES;
				CLANG_WARN_ENUM_CONVERSION = YES;
				CLANG_WARN_INT_CONVERSION = YES;
				CLANG_WARN_OBJC_ROOT_CLASS = YES_ERROR;
				CLANG_WARN_UNREACHABLE_CODE = YES;
				CLANG_WARN__DUPLICATE_METHOD_MATCH = YES;
				"CODE_SIGN_IDENTITY[sdk=iphoneos*]" = "iPhone Developer";
				COPY_PHASE_STRIP = NO;
				ENABLE_STRICT_OBJC_MSGSEND = YES;
				GCC_C_LANGUAGE_STANDARD = gnu99;
				GCC_DYNAMIC_NO_PIC = NO;
				GCC_OPTIMIZATION_LEVEL = 0;
				GCC_PREPROCESSOR_DEFINITIONS = (
					"DEBUG=1",
					"$(inherited)",
				);
				GCC_SYMBOLS_PRIVATE_EXTERN = NO;
				GCC_WARN_64_TO_32_BIT_CONVERSION = YES;
				GCC_WARN_ABOUT_RETURN_TYPE = YES_ERROR;
				GCC_WARN_UNDECLARED_SELECTOR = YES;
				GCC_WARN_UNINITIALIZED_AUTOS = YES_AGGRESSIVE;
				GCC_WARN_UNUSED_FUNCTION = YES;
				GCC_WARN_UNUSED_VARIABLE = YES;
				IPHONEOS_DEPLOYMENT_TARGET = 8.0;
				MTL_ENABLE_DEBUG_INFO = YES;
				ONLY_ACTIVE_ARCH = YES;
				SDKROOT = iphoneos;
			};
			name = Debug;
		};
		CE3419B21A0CA1B700E7CDB9 /* Release */ = {
			isa = XCBuildConfiguration;
			buildSettings = {
				ALWAYS_SEARCH_USER_PATHS = NO;
				CLANG_CXX_LANGUAGE_STANDARD = "gnu++0x";
				CLANG_CXX_LIBRARY = "libc++";
				CLANG_ENABLE_MODULES = YES;
				CLANG_ENABLE_OBJC_ARC = YES;
				CLANG_WARN_BOOL_CONVERSION = YES;
				CLANG_WARN_CONSTANT_CONVERSION = YES;
				CLANG_WARN_DIRECT_OBJC_ISA_USAGE = YES_ERROR;
				CLANG_WARN_EMPTY_BODY = YES;
				CLANG_WARN_ENUM_CONVERSION = YES;
				CLANG_WARN_INT_CONVERSION = YES;
				CLANG_WARN_OBJC_ROOT_CLASS = YES_ERROR;
				CLANG_WARN_UNREACHABLE_CODE = YES;
				CLANG_WARN__DUPLICATE_METHOD_MATCH = YES;
				"CODE_SIGN_IDENTITY[sdk=iphoneos*]" = "iPhone Developer";
				COPY_PHASE_STRIP = YES;
				ENABLE_NS_ASSERTIONS = NO;
				ENABLE_STRICT_OBJC_MSGSEND = YES;
				GCC_C_LANGUAGE_STANDARD = gnu99;
				GCC_WARN_64_TO_32_BIT_CONVERSION = YES;
				GCC_WARN_ABOUT_RETURN_TYPE = YES_ERROR;
				GCC_WARN_UNDECLARED_SELECTOR = YES;
				GCC_WARN_UNINITIALIZED_AUTOS = YES_AGGRESSIVE;
				GCC_WARN_UNUSED_FUNCTION = YES;
				GCC_WARN_UNUSED_VARIABLE = YES;
				IPHONEOS_DEPLOYMENT_TARGET = 8.0;
				MTL_ENABLE_DEBUG_INFO = NO;
				SDKROOT = iphoneos;
				VALIDATE_PRODUCT = YES;
			};
			name = Release;
		};
		CE3419B41A0CA1B700E7CDB9 /* Debug */ = {
			isa = XCBuildConfiguration;
			buildSettings = {
				ASSETCATALOG_COMPILER_APPICON_NAME = AppIcon;
				ASSETCATALOG_COMPILER_LAUNCHIMAGE_NAME = LaunchImage;
				INFOPLIST_FILE = Application001/Info.plist;
				IPHONEOS_DEPLOYMENT_TARGET = 7.1;
				LD_RUNPATH_SEARCH_PATHS = "$(inherited) @executable_path/Frameworks";
				PRODUCT_NAME = "$(TARGET_NAME)";
			};
			name = Debug;
		};
		CE3419B51A0CA1B700E7CDB9 /* Release */ = {
			isa = XCBuildConfiguration;
			buildSettings = {
				ASSETCATALOG_COMPILER_APPICON_NAME = AppIcon;
				ASSETCATALOG_COMPILER_LAUNCHIMAGE_NAME = LaunchImage;
				INFOPLIST_FILE = Application001/Info.plist;
				IPHONEOS_DEPLOYMENT_TARGET = 7.1;
				LD_RUNPATH_SEARCH_PATHS = "$(inherited) @executable_path/Frameworks";
				PRODUCT_NAME = "$(TARGET_NAME)";
			};
			name = Release;
		};
		CE3419B71A0CA1B700E7CDB9 /* Debug */ = {
			isa = XCBuildConfiguration;
			buildSettings = {
				BUNDLE_LOADER = "$(TEST_HOST)";
				FRAMEWORK_SEARCH_PATHS = (
					"$(SDKROOT)/Developer/Library/Frameworks",
					"$(inherited)",
				);
				GCC_PREPROCESSOR_DEFINITIONS = (
					"DEBUG=1",
					"$(inherited)",
				);
				INFOPLIST_FILE = Application001Tests/Info.plist;
				LD_RUNPATH_SEARCH_PATHS = "$(inherited) @executable_path/Frameworks @loader_path/Frameworks";
				PRODUCT_NAME = "$(TARGET_NAME)";
				TEST_HOST = "$(BUILT_PRODUCTS_DIR)/Application001.app/Application001";
			};
			name = Debug;
		};
		CE3419B81A0CA1B700E7CDB9 /* Release */ = {
			isa = XCBuildConfiguration;
			buildSettings = {
				BUNDLE_LOADER = "$(TEST_HOST)";
				FRAMEWORK_SEARCH_PATHS = (
					"$(SDKROOT)/Developer/Library/Frameworks",
					"$(inherited)",
				);
				INFOPLIST_FILE = Application001Tests/Info.plist;
				LD_RUNPATH_SEARCH_PATHS = "$(inherited) @executable_path/Frameworks @loader_path/Frameworks";
				PRODUCT_NAME = "$(TARGET_NAME)";
				TEST_HOST = "$(BUILT_PRODUCTS_DIR)/Application001.app/Application001";
			};
			name = Release;
		};
/* End XCBuildConfiguration section */

/* Begin XCConfigurationList section */
		CE34198B1A0CA1B700E7CDB9 /* Build configuration list for PBXProject "Application001" */ = {
			isa = XCConfigurationList;
			buildConfigurations = (
				CE3419B11A0CA1B700E7CDB9 /* Debug */,
				CE3419B21A0CA1B700E7CDB9 /* Release */,
			);
			defaultConfigurationIsVisible = 0;
			defaultConfigurationName = Release;
		};
		CE3419B31A0CA1B700E7CDB9 /* Build configuration list for PBXNativeTarget "Application001" */ = {
			isa = XCConfigurationList;
			buildConfigurations = (
				CE3419B41A0CA1B700E7CDB9 /* Debug */,
				CE3419B51A0CA1B700E7CDB9 /* Release */,
			);
			defaultConfigurationIsVisible = 0;
			defaultConfigurationName = Release;
		};
		CE3419B61A0CA1B700E7CDB9 /* Build configuration list for PBXNativeTarget "Application001Tests" */ = {
			isa = XCConfigurationList;
			buildConfigurations = (
				CE3419B71A0CA1B700E7CDB9 /* Debug */,
				CE3419B81A0CA1B700E7CDB9 /* Release */,
			);
			defaultConfigurationIsVisible = 0;
			defaultConfigurationName = Release;
		};
/* End XCConfigurationList section */
	};
	rootObject = CE3419881A0CA1B700E7CDB9 /* Project object */;
}
